
Microsoft Visual Studio Solution File, Format Version 12.00
# Visual Studio 15
VisualStudioVersion = 15.0.27428.2005
MinimumVisualStudioVersion = 10.0.40219.1
Project("{FAE04EC0-301F-11D3-BF4B-00C04F79EFBC}") = "DBDemo", "DBDemo\DBDemo.csproj", "{D5F6B608-AB71-4C26-A875-50A59BFDE304}"
EndProject
Project("{FAE04EC0-301F-11D3-BF4B-00C04F79EFBC}") = "DBDemo.App", "DBDemo.App\DBDemo.App.csproj", "{6E3E83CB-9C16-4CD0-8C39-543C07B67979}"
EndProject
Project("{FAE04EC0-301F-11D3-BF4B-00C04F79EFBC}") = "DBDemo.Business", "DBDemo.Business\DBDemo.Business.csproj", "{6332F571-D9E9-4A7B-82D6-8AFE816987BF}"
EndProject
Global
	GlobalSection(SolutionConfigurationPlatforms) = preSolution
		Debug|Any CPU = Debug|Any CPU
		Release|Any CPU = Release|Any CPU
	EndGlobalSection
	GlobalSection(ProjectConfigurationPlatforms) = postSolution
		{D5F6B608-AB71-4C26-A875-50A59BFDE304}.Debug|Any CPU.ActiveCfg = Debug|Any CPU
		{D5F6B608-AB71-4C26-A875-50A59BFDE304}.Debug|Any CPU.Build.0 = Debug|Any CPU
		{D5F6B608-AB71-4C26-A875-50A59BFDE304}.Release|Any CPU.ActiveCfg = Release|Any CPU
		{D5F6B608-AB71-4C26-A875-50A59BFDE304}.Release|Any CPU.Build.0 = Release|Any CPU
		{6E3E83CB-9C16-4CD0-8C39-543C07B67979}.Debug|Any CPU.ActiveCfg = Debug|Any CPU
		{6E3E83CB-9C16-4CD0-8C39-543C07B67979}.Debug|Any CPU.Build.0 = Debug|Any CPU
		{6E3E83CB-9C16-4CD0-8C39-543C07B67979}.Release|Any CPU.ActiveCfg = Release|Any CPU
		{6E3E83CB-9C16-4CD0-8C39-543C07B67979}.Release|Any CPU.Build.0 = Release|Any CPU
		{6332F571-D9E9-4A7B-82D6-8AFE816987BF}.Debug|Any CPU.ActiveCfg = Debug|Any CPU
		{6332F571-D9E9-4A7B-82D6-8AFE816987BF}.Debug|Any CPU.Build.0 = Debug|Any CPU
		{6332F571-D9E9-4A7B-82D6-8AFE816987BF}.Release|Any CPU.ActiveCfg = Release|Any CPU
		{6332F571-D9E9-4A7B-82D6-8AFE816987BF}.Release|Any CPU.Build.0 = Release|Any CPU
	EndGlobalSection
	GlobalSection(SolutionProperties) = preSolution
		HideSolutionNode = FALSE
	EndGlobalSection
	GlobalSection(ExtensibilityGlobals) = postSolution
		SolutionGuid = {AC82E92F-D519-4127-ADBA-B666BCDBE0E0}
	EndGlobalSection
EndGlobal
